
Microsoft Visual Studio Solution File, Format Version 12.00
# Visual Studio 15
VisualStudioVersion = 15.0.28307.572
MinimumVisualStudioVersion = 10.0.40219.1
Project("{9092AA53-FB77-4645-B42D-1CCCA6BD08BD}") = "retalApp2", "retalApp2\retalApp2.njsproj", "{EA0BDBEE-3B79-4897-B1E6-689B7F0211C7}"
EndProject
Global
	GlobalSection(SolutionConfigurationPlatforms) = preSolution
		Debug|Any CPU = Debug|Any CPU
		Release|Any CPU = Release|Any CPU
	EndGlobalSection
	GlobalSection(ProjectConfigurationPlatforms) = postSolution
		{EA0BDBEE-3B79-4897-B1E6-689B7F0211C7}.Debug|Any CPU.ActiveCfg = Debug|Any CPU
		{EA0BDBEE-3B79-4897-B1E6-689B7F0211C7}.Debug|Any CPU.Build.0 = Debug|Any CPU
		{EA0BDBEE-3B79-4897-B1E6-689B7F0211C7}.Release|Any CPU.ActiveCfg = Release|Any CPU
		{EA0BDBEE-3B79-4897-B1E6-689B7F0211C7}.Release|Any CPU.Build.0 = Release|Any CPU
	EndGlobalSection
	GlobalSection(SolutionProperties) = preSolution
		HideSolutionNode = FALSE
	EndGlobalSection
	GlobalSection(ExtensibilityGlobals) = postSolution
		SolutionGuid = {7E371561-6ADE-44F7-9FB6-B322BDC6D482}
	EndGlobalSection
EndGlobal
